// !$*UTF8*$!
{
	archiveVersion = 1;
	classes = {
	};
	objectVersion = 46;
	objects = {

/* Begin PBXBuildFile section */
		C20F56B21F6ACECF00BB31AD /* AppDelegate.swift in Sources */ = {isa = PBXBuildFile; fileRef = C20F56B11F6ACECF00BB31AD /* AppDelegate.swift */; };
		C20F56B91F6ACECF00BB31AD /* Assets.xcassets in Resources */ = {isa = PBXBuildFile; fileRef = C20F56B81F6ACECF00BB31AD /* Assets.xcassets */; };
		C20F56BC1F6ACECF00BB31AD /* LaunchScreen.storyboard in Resources */ = {isa = PBXBuildFile; fileRef = C20F56BA1F6ACECF00BB31AD /* LaunchScreen.storyboard */; };
		C20F56C71F6ACEEF00BB31AD /* Main.storyboard in Resources */ = {isa = PBXBuildFile; fileRef = C20F56C31F6ACEEF00BB31AD /* Main.storyboard */; };
		C20F56C81F6ACEEF00BB31AD /* RegistrationViewController.swift in Sources */ = {isa = PBXBuildFile; fileRef = C20F56C41F6ACEEF00BB31AD /* RegistrationViewController.swift */; };
		C20F56C91F6ACEEF00BB31AD /* TextValidator.swift in Sources */ = {isa = PBXBuildFile; fileRef = C20F56C51F6ACEEF00BB31AD /* TextValidator.swift */; };
		C20F56CA1F6ACEEF00BB31AD /* ValidationTextField.swift in Sources */ = {isa = PBXBuildFile; fileRef = C20F56C61F6ACEEF00BB31AD /* ValidationTextField.swift */; };
/* End PBXBuildFile section */

/* Begin PBXFileReference section */
		C20F56AE1F6ACECF00BB31AD /* ValidatorExample.app */ = {isa = PBXFileReference; explicitFileType = wrapper.application; includeInIndex = 0; path = ValidatorExample.app; sourceTree = BUILT_PRODUCTS_DIR; };
		C20F56B11F6ACECF00BB31AD /* AppDelegate.swift */ = {isa = PBXFileReference; lastKnownFileType = sourcecode.swift; path = AppDelegate.swift; sourceTree = "<group>"; };
		C20F56B81F6ACECF00BB31AD /* Assets.xcassets */ = {isa = PBXFileReference; lastKnownFileType = folder.assetcatalog; path = Assets.xcassets; sourceTree = "<group>"; };
		C20F56BB1F6ACECF00BB31AD /* Base */ = {isa = PBXFileReference; lastKnownFileType = file.storyboard; name = Base; path = Base.lproj/LaunchScreen.storyboard; sourceTree = "<group>"; };
		C20F56BD1F6ACECF00BB31AD /* Info.plist */ = {isa = PBXFileReference; lastKnownFileType = text.plist.xml; path = Info.plist; sourceTree = "<group>"; };
		C20F56C31F6ACEEF00BB31AD /* Main.storyboard */ = {isa = PBXFileReference; fileEncoding = 4; lastKnownFileType = file.storyboard; path = Main.storyboard; sourceTree = "<group>"; };
		C20F56C41F6ACEEF00BB31AD /* RegistrationViewController.swift */ = {isa = PBXFileReference; fileEncoding = 4; lastKnownFileType = sourcecode.swift; path = RegistrationViewController.swift; sourceTree = "<group>"; };
		C20F56C51F6ACEEF00BB31AD /* TextValidator.swift */ = {isa = PBXFileReference; fileEncoding = 4; lastKnownFileType = sourcecode.swift; path = TextValidator.swift; sourceTree = "<group>"; };
		C20F56C61F6ACEEF00BB31AD /* ValidationTextField.swift */ = {isa = PBXFileReference; fileEncoding = 4; lastKnownFileType = sourcecode.swift; path = ValidationTextField.swift; sourceTree = "<group>"; };
/* End PBXFileReference section */

/* Begin PBXFrameworksBuildPhase section */
		C20F56AB1F6ACECF00BB31AD /* Frameworks */ = {
			isa = PBXFrameworksBuildPhase;
			buildActionMask = 2147483647;
			files = (
			);
			runOnlyForDeploymentPostprocessing = 0;
		};
/* End PBXFrameworksBuildPhase section */

/* Begin PBXGroup section */
		C20F56A51F6ACECF00BB31AD = {
			isa = PBXGroup;
			children = (
				C20F56B01F6ACECF00BB31AD /* ValidatorExample */,
				C20F56AF1F6ACECF00BB31AD /* Products */,
			);
			sourceTree = "<group>";
		};
		C20F56AF1F6ACECF00BB31AD /* Products */ = {
			isa = PBXGroup;
			children = (
				C20F56AE1F6ACECF00BB31AD /* ValidatorExample.app */,
			);
			name = Products;
			sourceTree = "<group>";
		};
		C20F56B01F6ACECF00BB31AD /* ValidatorExample */ = {
			isa = PBXGroup;
			children = (
				C20F56B11F6ACECF00BB31AD /* AppDelegate.swift */,
				C20F56C31F6ACEEF00BB31AD /* Main.storyboard */,
				C20F56C41F6ACEEF00BB31AD /* RegistrationViewController.swift */,
				C20F56C51F6ACEEF00BB31AD /* TextValidator.swift */,
				C20F56C61F6ACEEF00BB31AD /* ValidationTextField.swift */,
				C20F56B81F6ACECF00BB31AD /* Assets.xcassets */,
				C20F56BA1F6ACECF00BB31AD /* LaunchScreen.storyboard */,
				C20F56BD1F6ACECF00BB31AD /* Info.plist */,
			);
			path = ValidatorExample;
			sourceTree = "<group>";
		};
/* End PBXGroup section */

/* Begin PBXNativeTarget section */
		C20F56AD1F6ACECF00BB31AD /* ValidatorExample */ = {
			isa = PBXNativeTarget;
			buildConfigurationList = C20F56C01F6ACECF00BB31AD /* Build configuration list for PBXNativeTarget "ValidatorExample" */;
			buildPhases = (
				C20F56AA1F6ACECF00BB31AD /* Sources */,
				C20F56AB1F6ACECF00BB31AD /* Frameworks */,
				C20F56AC1F6ACECF00BB31AD /* Resources */,
			);
			buildRules = (
			);
			dependencies = (
			);
			name = ValidatorExample;
			productName = ValidatorExample;
			productReference = C20F56AE1F6ACECF00BB31AD /* ValidatorExample.app */;
			productType = "com.apple.product-type.application";
		};
/* End PBXNativeTarget section */

/* Begin PBXProject section */
		C20F56A61F6ACECF00BB31AD /* Project object */ = {
			isa = PBXProject;
			attributes = {
				LastSwiftUpdateCheck = 0820;
				LastUpgradeCheck = 0820;
				ORGANIZATIONNAME = Julius;
				TargetAttributes = {
					C20F56AD1F6ACECF00BB31AD = {
						CreatedOnToolsVersion = 8.2.1;
						ProvisioningStyle = Automatic;
					};
				};
			};
			buildConfigurationList = C20F56A91F6ACECF00BB31AD /* Build configuration list for PBXProject "ValidatorExample" */;
			compatibilityVersion = "Xcode 3.2";
			developmentRegion = English;
			hasScannedForEncodings = 0;
			knownRegions = (
				en,
				Base,
			);
			mainGroup = C20F56A51F6ACECF00BB31AD;
			productRefGroup = C20F56AF1F6ACECF00BB31AD /* Products */;
			projectDirPath = "";
			projectRoot = "";
			targets = (
				C20F56AD1F6ACECF00BB31AD /* ValidatorExample */,
			);
		};
/* End PBXProject section */

/* Begin PBXResourcesBuildPhase section */
		C20F56AC1F6ACECF00BB31AD /* Resources */ = {
			isa = PBXResourcesBuildPhase;
			buildActionMask = 2147483647;
			files = (
				C20F56BC1F6ACECF00BB31AD /* LaunchScreen.storyboard in Resources */,
				C20F56B91F6ACECF00BB31AD /* Assets.xcassets in Resources */,
				C20F56C71F6ACEEF00BB31AD /* Main.storyboard in Resources */,
			);
			runOnlyForDeploymentPostprocessing = 0;
		};
/* End PBXResourcesBuildPhase section */

/* Begin PBXSourcesBuildPhase section */
		C20F56AA1F6ACECF00BB31AD /* Sources */ = {
			isa = PBXSourcesBuildPhase;
			buildActionMask = 2147483647;
			files = (
				C20F56CA1F6ACEEF00BB31AD /* ValidationTextField.swift in Sources */,
				C20F56C91F6ACEEF00BB31AD /* TextValidator.swift in Sources */,
				C20F56C81F6ACEEF00BB31AD /* RegistrationViewController.swift in Sources */,
				C20F56B21F6ACECF00BB31AD /* AppDelegate.swift in Sources */,
			);
			runOnlyForDeploymentPostprocessing = 0;
		};
/* End PBXSourcesBuildPhase section */

/* Begin PBXVariantGroup section */
		C20F56BA1F6ACECF00BB31AD /* LaunchScreen.storyboard */ = {
			isa = PBXVariantGroup;
			children = (
				C20F56BB1F6ACECF00BB31AD /* Base */,
			);
			name = LaunchScreen.storyboard;
			sourceTree = "<group>";
		};
/* End PBXVariantGroup section */

/* Begin XCBuildConfiguration section */
		C20F56BE1F6ACECF00BB31AD /* Debug */ = {
			isa = XCBuildConfiguration;
			buildSettings = {
				ALWAYS_SEARCH_USER_PATHS = NO;
				CLANG_ANALYZER_NONNULL = YES;
				CLANG_CXX_LANGUAGE_STANDARD = "gnu++0x";
				CLANG_CXX_LIBRARY = "libc++";
				CLANG_ENABLE_MODULES = YES;
				CLANG_ENABLE_OBJC_ARC = YES;
				CLANG_WARN_BOOL_CONVERSION = YES;
				CLANG_WARN_CONSTANT_CONVERSION = YES;
				CLANG_WARN_DIRECT_OBJC_ISA_USAGE = YES_ERROR;
				CLANG_WARN_DOCUMENTATION_COMMENTS = YES;
				CLANG_WARN_EMPTY_BODY = YES;
				CLANG_WARN_ENUM_CONVERSION = YES;
				CLANG_WARN_INFINITE_RECURSION = YES;
				CLANG_WARN_INT_CONVERSION = YES;
				CLANG_WARN_OBJC_ROOT_CLASS = YES_ERROR;
				CLANG_WARN_SUSPICIOUS_MOVE = YES;
				CLANG_WARN_UNREACHABLE_CODE = YES;
				CLANG_WARN__DUPLICATE_METHOD_MATCH = YES;
				"CODE_SIGN_IDENTITY[sdk=iphoneos*]" = "iPhone Developer";
				COPY_PHASE_STRIP = NO;
				DEBUG_INFORMATION_FORMAT = dwarf;
				ENABLE_STRICT_OBJC_MSGSEND = YES;
				ENABLE_TESTABILITY = YES;
				GCC_C_LANGUAGE_STANDARD = gnu99;
				GCC_DYNAMIC_NO_PIC = NO;
				GCC_NO_COMMON_BLOCKS = YES;
				GCC_OPTIMIZATION_LEVEL = 0;
				GCC_PREPROCESSOR_DEFINITIONS = (
					"DEBUG=1",
					"$(inherited)",
				);
				GCC_WARN_64_TO_32_BIT_CONVERSION = YES;
				GCC_WARN_ABOUT_RETURN_TYPE = YES_ERROR;
				GCC_WARN_UNDECLARED_SELECTOR = YES;
				GCC_WARN_UNINITIALIZED_AUTOS = YES_AGGRESSIVE;
				GCC_WARN_UNUSED_FUNCTION = YES;
				GCC_WARN_UNUSED_VARIABLE = YES;
				IPHONEOS_DEPLOYMENT_TARGET = 10.2;
				MTL_ENABLE_DEBUG_INFO = YES;
				ONLY_ACTIVE_ARCH = YES;
				SDKROOT = iphoneos;
				SWIFT_ACTIVE_COMPILATION_CONDITIONS = DEBUG;
				SWIFT_OPTIMIZATION_LEVEL = "-Onone";
			};
			name = Debug;
		};
		C20F56BF1F6ACECF00BB31AD /* Release */ = {
			isa = XCBuildConfiguration;
			buildSettings = {
				ALWAYS_SEARCH_USER_PATHS = NO;
				CLANG_ANALYZER_NONNULL = YES;
				CLANG_CXX_LANGUAGE_STANDARD = "gnu++0x";
				CLANG_CXX_LIBRARY = "libc++";
				CLANG_ENABLE_MODULES = YES;
				CLANG_ENABLE_OBJC_ARC = YES;
				CLANG_WARN_BOOL_CONVERSION = YES;
				CLANG_WARN_CONSTANT_CONVERSION = YES;
				CLANG_WARN_DIRECT_OBJC_ISA_USAGE = YES_ERROR;
				CLANG_WARN_DOCUMENTATION_COMMENTS = YES;
				CLANG_WARN_EMPTY_BODY = YES;
				CLANG_WARN_ENUM_CONVERSION = YES;
				CLANG_WARN_INFINITE_RECURSION = YES;
				CLANG_WARN_INT_CONVERSION = YES;
				CLANG_WARN_OBJC_ROOT_CLASS = YES_ERROR;
				CLANG_WARN_SUSPICIOUS_MOVE = YES;
				CLANG_WARN_UNREACHABLE_CODE = YES;
				CLANG_WARN__DUPLICATE_METHOD_MATCH = YES;
				"CODE_SIGN_IDENTITY[sdk=iphoneos*]" = "iPhone Developer";
				COPY_PHASE_STRIP = NO;
				DEBUG_INFORMATION_FORMAT = "dwarf-with-dsym";
				ENABLE_NS_ASSERTIONS = NO;
				ENABLE_STRICT_OBJC_MSGSEND = YES;
				GCC_C_LANGUAGE_STANDARD = gnu99;
				GCC_NO_COMMON_BLOCKS = YES;
				GCC_WARN_64_TO_32_BIT_CONVERSION = YES;
				GCC_WARN_ABOUT_RETURN_TYPE = YES_ERROR;
				GCC_WARN_UNDECLARED_SELECTOR = YES;
				GCC_WARN_UNINITIALIZED_AUTOS = YES_AGGRESSIVE;
				GCC_WARN_UNUSED_FUNCTION = YES;
				GCC_WARN_UNUSED_VARIABLE = YES;
				IPHONEOS_DEPLOYMENT_TARGET = 10.2;
				MTL_ENABLE_DEBUG_INFO = NO;
				SDKROOT = iphoneos;
				SWIFT_OPTIMIZATION_LEVEL = "-Owholemodule";
				VALIDATE_PRODUCT = YES;
			};
			name = Release;
		};
		C20F56C11F6ACECF00BB31AD /* Debug */ = {
			isa = XCBuildConfiguration;
			buildSettings = {
				ASSETCATALOG_COMPILER_APPICON_NAME = AppIcon;
				INFOPLIST_FILE = ValidatorExample/Info.plist;
				LD_RUNPATH_SEARCH_PATHS = "$(inherited) @executable_path/Frameworks";
				PRODUCT_BUNDLE_IDENTIFIER = JLS.ValidatorExample;
				PRODUCT_NAME = "$(TARGET_NAME)";
				SWIFT_VERSION = 3.0;
			};
			name = Debug;
		};
		C20F56C21F6ACECF00BB31AD /* Release */ = {
			isa = XCBuildConfiguration;
			buildSettings = {
				ASSETCATALOG_COMPILER_APPICON_NAME = AppIcon;
				INFOPLIST_FILE = ValidatorExample/Info.plist;
				LD_RUNPATH_SEARCH_PATHS = "$(inherited) @executable_path/Frameworks";
				PRODUCT_BUNDLE_IDENTIFIER = JLS.ValidatorExample;
				PRODUCT_NAME = "$(TARGET_NAME)";
				SWIFT_VERSION = 3.0;
			};
			name = Release;
		};
/* End XCBuildConfiguration section */

/* Begin XCConfigurationList section */
		C20F56A91F6ACECF00BB31AD /* Build configuration list for PBXProject "ValidatorExample" */ = {
			isa = XCConfigurationList;
			buildConfigurations = (
				C20F56BE1F6ACECF00BB31AD /* Debug */,
				C20F56BF1F6ACECF00BB31AD /* Release */,
			);
			defaultConfigurationIsVisible = 0;
			defaultConfigurationName = Release;
		};
		C20F56C01F6ACECF00BB31AD /* Build configuration list for PBXNativeTarget "ValidatorExample" */ = {
			isa = XCConfigurationList;
			buildConfigurations = (
				C20F56C11F6ACECF00BB31AD /* Debug */,
				C20F56C21F6ACECF00BB31AD /* Release */,
			);
			defaultConfigurationIsVisible = 0;
		};
/* End XCConfigurationList section */
	};
	rootObject = C20F56A61F6ACECF00BB31AD /* Project object */;
}
